
Microsoft Visual Studio Solution File, Format Version 12.00
# Visual Studio Version 17
VisualStudioVersion = 17.7.34202.233
MinimumVisualStudioVersion = 10.0.40219.1
Project("{FAE04EC0-301F-11D3-BF4B-00C04F79EFBC}") = "Lab - Text Boxes, Labels, and Buttons", "Lab - Text Boxes, Labels, and Buttons.csproj", "{D83EC42E-041E-4E35-8F36-CC736079A6B1}"
EndProject
Global
	GlobalSection(SolutionConfigurationPlatforms) = preSolution
		Debug|Any CPU = Debug|Any CPU
		Release|Any CPU = Release|Any CPU
	EndGlobalSection
	GlobalSection(ProjectConfigurationPlatforms) = postSolution
		{D83EC42E-041E-4E35-8F36-CC736079A6B1}.Debug|Any CPU.ActiveCfg = Debug|Any CPU
		{D83EC42E-041E-4E35-8F36-CC736079A6B1}.Debug|Any CPU.Build.0 = Debug|Any CPU
		{D83EC42E-041E-4E35-8F36-CC736079A6B1}.Release|Any CPU.ActiveCfg = Release|Any CPU
		{D83EC42E-041E-4E35-8F36-CC736079A6B1}.Release|Any CPU.Build.0 = Release|Any CPU
	EndGlobalSection
	GlobalSection(SolutionProperties) = preSolution
		HideSolutionNode = FALSE
	EndGlobalSection
	GlobalSection(ExtensibilityGlobals) = postSolution
		SolutionGuid = {115A23DE-73C6-4A36-BF74-0FB64EAACDBB}
	EndGlobalSection
EndGlobal
